
Microsoft Visual Studio Solution File, Format Version 12.00
# Visual Studio Version 16
VisualStudioVersion = 16.0.31112.23
MinimumVisualStudioVersion = 10.0.40219.1
Project("{FAE04EC0-301F-11D3-BF4B-00C04F79EFBC}") = "Practical13", "Practical13\Practical13.csproj", "{0096C393-F9CF-4F2D-8257-8447A9BA47EB}"
EndProject
Global
	GlobalSection(SolutionConfigurationPlatforms) = preSolution
		Debug|Any CPU = Debug|Any CPU
		Release|Any CPU = Release|Any CPU
	EndGlobalSection
	GlobalSection(ProjectConfigurationPlatforms) = postSolution
		{0096C393-F9CF-4F2D-8257-8447A9BA47EB}.Debug|Any CPU.ActiveCfg = Debug|Any CPU
		{0096C393-F9CF-4F2D-8257-8447A9BA47EB}.Debug|Any CPU.Build.0 = Debug|Any CPU
		{0096C393-F9CF-4F2D-8257-8447A9BA47EB}.Release|Any CPU.ActiveCfg = Release|Any CPU
		{0096C393-F9CF-4F2D-8257-8447A9BA47EB}.Release|Any CPU.Build.0 = Release|Any CPU
	EndGlobalSection
	GlobalSection(SolutionProperties) = preSolution
		HideSolutionNode = FALSE
	EndGlobalSection
	GlobalSection(ExtensibilityGlobals) = postSolution
		SolutionGuid = {FF3F8FDA-2625-4EA2-BD40-9AD956189595}
	EndGlobalSection
EndGlobal
