
Microsoft Visual Studio Solution File, Format Version 12.00
# Visual Studio Version 16
VisualStudioVersion = 16.0.31112.23
MinimumVisualStudioVersion = 10.0.40219.1
Project("{FAE04EC0-301F-11D3-BF4B-00C04F79EFBC}") = "19012011094_Practical17", "19012011094_Practical17\19012011094_Practical17.csproj", "{3D76DE74-857D-464F-A3EA-8F6E8C743CDF}"
EndProject
Global
	GlobalSection(SolutionConfigurationPlatforms) = preSolution
		Debug|Any CPU = Debug|Any CPU
		Release|Any CPU = Release|Any CPU
	EndGlobalSection
	GlobalSection(ProjectConfigurationPlatforms) = postSolution
		{3D76DE74-857D-464F-A3EA-8F6E8C743CDF}.Debug|Any CPU.ActiveCfg = Debug|Any CPU
		{3D76DE74-857D-464F-A3EA-8F6E8C743CDF}.Debug|Any CPU.Build.0 = Debug|Any CPU
		{3D76DE74-857D-464F-A3EA-8F6E8C743CDF}.Release|Any CPU.ActiveCfg = Release|Any CPU
		{3D76DE74-857D-464F-A3EA-8F6E8C743CDF}.Release|Any CPU.Build.0 = Release|Any CPU
	EndGlobalSection
	GlobalSection(SolutionProperties) = preSolution
		HideSolutionNode = FALSE
	EndGlobalSection
	GlobalSection(ExtensibilityGlobals) = postSolution
		SolutionGuid = {036187A3-8EDB-43C0-8536-CFFBA0B91364}
	EndGlobalSection
EndGlobal
