
Microsoft Visual Studio Solution File, Format Version 12.00
# Visual Studio Version 16
VisualStudioVersion = 16.0.30804.86
MinimumVisualStudioVersion = 10.0.40219.1
Project("{FAE04EC0-301F-11D3-BF4B-00C04F79EFBC}") = "Practical_3", "Practical_3\Practical_3.csproj", "{986EEA1D-6991-4C5E-9706-61C31E9D1621}"
EndProject
Global
	GlobalSection(SolutionConfigurationPlatforms) = preSolution
		Debug|Any CPU = Debug|Any CPU
		Release|Any CPU = Release|Any CPU
	EndGlobalSection
	GlobalSection(ProjectConfigurationPlatforms) = postSolution
		{986EEA1D-6991-4C5E-9706-61C31E9D1621}.Debug|Any CPU.ActiveCfg = Debug|Any CPU
		{986EEA1D-6991-4C5E-9706-61C31E9D1621}.Debug|Any CPU.Build.0 = Debug|Any CPU
		{986EEA1D-6991-4C5E-9706-61C31E9D1621}.Release|Any CPU.ActiveCfg = Release|Any CPU
		{986EEA1D-6991-4C5E-9706-61C31E9D1621}.Release|Any CPU.Build.0 = Release|Any CPU
	EndGlobalSection
	GlobalSection(SolutionProperties) = preSolution
		HideSolutionNode = FALSE
	EndGlobalSection
	GlobalSection(ExtensibilityGlobals) = postSolution
		SolutionGuid = {1893B423-C998-4826-A927-B01D1F84B1A6}
	EndGlobalSection
EndGlobal
